{
  "version": 4,
  "terraform_version": "1.14.8",
  "serial": 124,
  "lineage": "0b042300-fbb0-6e5c-47a7-b2e04c6dfc56",
  "outputs": {},
  "resources": [
    {
      "mode": "managed",
      "type": "aws_iam_role",
      "name": "step_functions_role",
      "provider": "provider[\"registry.terraform.io/hashicorp/aws\"]",
      "instances": [
        {
          "schema_version": 0,
          "attributes": {
            "arn": "arn:aws:iam::000000000000:role/sia_step_functions_execution_role",
            "assume_role_policy": "{\"Statement\":[{\"Action\":\"sts:AssumeRole\",\"Effect\":\"Allow\",\"Principal\":{\"Service\":\"states.amazonaws.com\"}}],\"Version\":\"2012-10-17\"}",
            "create_date": "2026-04-28T14:40:36Z",
            "description": "",
            "force_detach_policies": false,
            "id": "sia_step_functions_execution_role",
            "inline_policy": [],
            "managed_policy_arns": [],
            "max_session_duration": 3600,
            "name": "sia_step_functions_execution_role",
            "name_prefix": "",
            "path": "/",
            "permissions_boundary": null,
            "role_last_used": [
              {
                "last_used_date": "",
                "region": ""
              }
            ],
            "tags": {},
            "tags_all": {},
            "unique_id": "AROAQAAAAAAALVTSJLIUJ"
          },
          "sensitive_attributes": [],
          "identity_schema_version": 0,
          "private": "bnVsbA=="
        }
      ]
    },
    {
      "mode": "managed",
      "type": "aws_sfn_state_machine",
      "name": "saga_booking_workflow",
      "provider": "provider[\"registry.terraform.io/hashicorp/aws\"]",
      "instances": [
        {
          "schema_version": 0,
          "attributes": {
            "arn": "arn:aws:states:us-east-1:000000000000:stateMachine:SIA-Saga-Booking-Workflow",
            "creation_date": "2026-04-28T15:21:56Z",
            "definition": "{\n  \"Comment\": \"A Saga pattern for Flight Booking\",\n  \"StartAt\": \"ReserveFlight\",\n  \"States\": {\n    \"ReserveFlight\": {\n      \"Type\": \"Task\",\n      \"Resource\": \"arn:aws:lambda:REGION:ACCOUNT:function:ReserveFlightLambda\",\n      \"Next\": \"ProcessPayment\",\n      \"Catch\": [\n        {\n          \"ErrorEquals\": [\"States.ALL\"],\n          \"Next\": \"NotifyFailure\"\n        }\n      ]\n    },\n    \"ProcessPayment\": {\n      \"Type\": \"Task\",\n      \"Resource\": \"arn:aws:lambda:REGION:ACCOUNT:function:ProcessPaymentLambda\",\n      \"Next\": \"ConfirmBooking\",\n      \"Catch\": [\n        {\n          \"ErrorEquals\": [\"PaymentFailedException\", \"States.Timeout\"],\n          \"Next\": \"CancelFlightReservation\"\n        }\n      ]\n    },\n    \"CancelFlightReservation\": {\n      \"Type\": \"Task\",\n      \"Resource\": \"arn:aws:lambda:REGION:ACCOUNT:function:CancelFlightLambda\",\n      \"Next\": \"NotifyFailure\"\n    },\n    \"ConfirmBooking\": {\n      \"Type\": \"Task\",\n      \"Resource\": \"arn:aws:lambda:REGION:ACCOUNT:function:ConfirmBookingLambda\",\n      \"End\": true\n    },\n    \"NotifyFailure\": {\n      \"Type\": \"Fail\",\n      \"Cause\": \"Saga Transaction Failed and Rolled Back\"\n    }\n  }\n}\n",
            "id": "arn:aws:states:us-east-1:000000000000:stateMachine:SIA-Saga-Booking-Workflow",
            "logging_configuration": [
              {
                "include_execution_data": false,
                "level": "OFF",
                "log_destination": ""
              }
            ],
            "name": "SIA-Saga-Booking-Workflow",
            "name_prefix": "",
            "role_arn": "arn:aws:iam::000000000000:role/sia_step_functions_execution_role",
            "status": "ACTIVE",
            "tags": null,
            "tags_all": {},
            "timeouts": null,
            "tracing_configuration": [],
            "type": "STANDARD"
          },
          "sensitive_attributes": [],
          "identity_schema_version": 0,
          "private": "eyJlMmJmYjczMC1lY2FhLTExZTYtOGY4OC0zNDM2M2JjN2M0YzAiOnsiY3JlYXRlIjozMDAwMDAwMDAwMDAsImRlbGV0ZSI6MzAwMDAwMDAwMDAwLCJ1cGRhdGUiOjYwMDAwMDAwMDAwfX0=",
          "dependencies": [
            "aws_iam_role.step_functions_role"
          ]
        }
      ]
    }
  ],
  "check_results": null
}
